
Microsoft Visual Studio Solution File, Format Version 12.00
# Visual Studio Version 16
VisualStudioVersion = 16.0.29613.14
MinimumVisualStudioVersion = 10.0.40219.1
Project("{FAE04EC0-301F-11D3-BF4B-00C04F79EFBC}") = "Coredemo", "Coredemo.csproj", "{3A42031A-A3D3-4552-B3C1-BBEA129F992A}"
EndProject
Global
	GlobalSection(SolutionConfigurationPlatforms) = preSolution
		Debug|Any CPU = Debug|Any CPU
		Release|Any CPU = Release|Any CPU
	EndGlobalSection
	GlobalSection(ProjectConfigurationPlatforms) = postSolution
		{3A42031A-A3D3-4552-B3C1-BBEA129F992A}.Debug|Any CPU.ActiveCfg = Debug|Any CPU
		{3A42031A-A3D3-4552-B3C1-BBEA129F992A}.Debug|Any CPU.Build.0 = Debug|Any CPU
		{3A42031A-A3D3-4552-B3C1-BBEA129F992A}.Release|Any CPU.ActiveCfg = Release|Any CPU
		{3A42031A-A3D3-4552-B3C1-BBEA129F992A}.Release|Any CPU.Build.0 = Release|Any CPU
	EndGlobalSection
	GlobalSection(SolutionProperties) = preSolution
		HideSolutionNode = FALSE
	EndGlobalSection
	GlobalSection(ExtensibilityGlobals) = postSolution
		SolutionGuid = {22D6CF96-8E96-4428-A46E-61887841A626}
	EndGlobalSection
EndGlobal
