
Microsoft Visual Studio Solution File, Format Version 12.00
# Visual Studio Version 16
VisualStudioVersion = 16.0.29613.14
MinimumVisualStudioVersion = 10.0.40219.1
Project("{FAE04EC0-301F-11D3-BF4B-00C04F79EFBC}") = "Inheritance", "Inheritance.csproj", "{7D642570-ADA0-441A-8AA5-9A01026BA185}"
EndProject
Global
	GlobalSection(SolutionConfigurationPlatforms) = preSolution
		Debug|Any CPU = Debug|Any CPU
		Release|Any CPU = Release|Any CPU
	EndGlobalSection
	GlobalSection(ProjectConfigurationPlatforms) = postSolution
		{7D642570-ADA0-441A-8AA5-9A01026BA185}.Debug|Any CPU.ActiveCfg = Debug|Any CPU
		{7D642570-ADA0-441A-8AA5-9A01026BA185}.Debug|Any CPU.Build.0 = Debug|Any CPU
		{7D642570-ADA0-441A-8AA5-9A01026BA185}.Release|Any CPU.ActiveCfg = Release|Any CPU
		{7D642570-ADA0-441A-8AA5-9A01026BA185}.Release|Any CPU.Build.0 = Release|Any CPU
	EndGlobalSection
	GlobalSection(SolutionProperties) = preSolution
		HideSolutionNode = FALSE
	EndGlobalSection
	GlobalSection(ExtensibilityGlobals) = postSolution
		SolutionGuid = {261BC87D-33D0-48B0-8BB0-48AC54CA53B8}
	EndGlobalSection
EndGlobal
