
Microsoft Visual Studio Solution File, Format Version 12.00
# Visual Studio Version 16
VisualStudioVersion = 16.0.29613.14
MinimumVisualStudioVersion = 10.0.40219.1
Project("{FAE04EC0-301F-11D3-BF4B-00C04F79EFBC}") = "Delegate2", "Delegate2.csproj", "{C683DE5E-62C0-44A8-89DC-183E63ADB105}"
EndProject
Global
	GlobalSection(SolutionConfigurationPlatforms) = preSolution
		Debug|Any CPU = Debug|Any CPU
		Release|Any CPU = Release|Any CPU
	EndGlobalSection
	GlobalSection(ProjectConfigurationPlatforms) = postSolution
		{C683DE5E-62C0-44A8-89DC-183E63ADB105}.Debug|Any CPU.ActiveCfg = Debug|Any CPU
		{C683DE5E-62C0-44A8-89DC-183E63ADB105}.Debug|Any CPU.Build.0 = Debug|Any CPU
		{C683DE5E-62C0-44A8-89DC-183E63ADB105}.Release|Any CPU.ActiveCfg = Release|Any CPU
		{C683DE5E-62C0-44A8-89DC-183E63ADB105}.Release|Any CPU.Build.0 = Release|Any CPU
	EndGlobalSection
	GlobalSection(SolutionProperties) = preSolution
		HideSolutionNode = FALSE
	EndGlobalSection
	GlobalSection(ExtensibilityGlobals) = postSolution
		SolutionGuid = {4E345FAB-D3C7-49B2-916B-5CA1E45EAA1D}
	EndGlobalSection
EndGlobal
