
Microsoft Visual Studio Solution File, Format Version 12.00
# Visual Studio Version 16
VisualStudioVersion = 16.0.29613.14
MinimumVisualStudioVersion = 10.0.40219.1
Project("{FAE04EC0-301F-11D3-BF4B-00C04F79EFBC}") = "IterativeStatements", "IterativeStatements.csproj", "{40321421-1AD9-41DB-ABEA-A27F80FDA62E}"
EndProject
Global
	GlobalSection(SolutionConfigurationPlatforms) = preSolution
		Debug|Any CPU = Debug|Any CPU
		Release|Any CPU = Release|Any CPU
	EndGlobalSection
	GlobalSection(ProjectConfigurationPlatforms) = postSolution
		{40321421-1AD9-41DB-ABEA-A27F80FDA62E}.Debug|Any CPU.ActiveCfg = Debug|Any CPU
		{40321421-1AD9-41DB-ABEA-A27F80FDA62E}.Debug|Any CPU.Build.0 = Debug|Any CPU
		{40321421-1AD9-41DB-ABEA-A27F80FDA62E}.Release|Any CPU.ActiveCfg = Release|Any CPU
		{40321421-1AD9-41DB-ABEA-A27F80FDA62E}.Release|Any CPU.Build.0 = Release|Any CPU
	EndGlobalSection
	GlobalSection(SolutionProperties) = preSolution
		HideSolutionNode = FALSE
	EndGlobalSection
	GlobalSection(ExtensibilityGlobals) = postSolution
		SolutionGuid = {4588B5C8-B970-4115-84BA-43D4E08B6F24}
	EndGlobalSection
EndGlobal
