
Microsoft Visual Studio Solution File, Format Version 12.00
# Visual Studio Version 16
VisualStudioVersion = 16.0.29613.14
MinimumVisualStudioVersion = 10.0.40219.1
Project("{FAE04EC0-301F-11D3-BF4B-00C04F79EFBC}") = "Example2", "Example2.csproj", "{BCAE91C0-3BDB-46FB-A969-6BC8713E724F}"
EndProject
Global
	GlobalSection(SolutionConfigurationPlatforms) = preSolution
		Debug|Any CPU = Debug|Any CPU
		Release|Any CPU = Release|Any CPU
	EndGlobalSection
	GlobalSection(ProjectConfigurationPlatforms) = postSolution
		{BCAE91C0-3BDB-46FB-A969-6BC8713E724F}.Debug|Any CPU.ActiveCfg = Debug|Any CPU
		{BCAE91C0-3BDB-46FB-A969-6BC8713E724F}.Debug|Any CPU.Build.0 = Debug|Any CPU
		{BCAE91C0-3BDB-46FB-A969-6BC8713E724F}.Release|Any CPU.ActiveCfg = Release|Any CPU
		{BCAE91C0-3BDB-46FB-A969-6BC8713E724F}.Release|Any CPU.Build.0 = Release|Any CPU
	EndGlobalSection
	GlobalSection(SolutionProperties) = preSolution
		HideSolutionNode = FALSE
	EndGlobalSection
	GlobalSection(ExtensibilityGlobals) = postSolution
		SolutionGuid = {96B48055-9763-40CE-8089-C4E7B99E7BFD}
	EndGlobalSection
EndGlobal
