
Microsoft Visual Studio Solution File, Format Version 12.00
# Visual Studio Version 16
VisualStudioVersion = 16.0.29613.14
MinimumVisualStudioVersion = 10.0.40219.1
Project("{FAE04EC0-301F-11D3-BF4B-00C04F79EFBC}") = "Strings", "Strings.csproj", "{BB4973BA-49E0-4423-B138-2F18D39637EF}"
EndProject
Global
	GlobalSection(SolutionConfigurationPlatforms) = preSolution
		Debug|Any CPU = Debug|Any CPU
		Release|Any CPU = Release|Any CPU
	EndGlobalSection
	GlobalSection(ProjectConfigurationPlatforms) = postSolution
		{BB4973BA-49E0-4423-B138-2F18D39637EF}.Debug|Any CPU.ActiveCfg = Debug|Any CPU
		{BB4973BA-49E0-4423-B138-2F18D39637EF}.Debug|Any CPU.Build.0 = Debug|Any CPU
		{BB4973BA-49E0-4423-B138-2F18D39637EF}.Release|Any CPU.ActiveCfg = Release|Any CPU
		{BB4973BA-49E0-4423-B138-2F18D39637EF}.Release|Any CPU.Build.0 = Release|Any CPU
	EndGlobalSection
	GlobalSection(SolutionProperties) = preSolution
		HideSolutionNode = FALSE
	EndGlobalSection
	GlobalSection(ExtensibilityGlobals) = postSolution
		SolutionGuid = {3A39A2F2-CE85-4495-83D9-699A1498797A}
	EndGlobalSection
EndGlobal
