
Microsoft Visual Studio Solution File, Format Version 12.00
# Visual Studio Version 16
VisualStudioVersion = 16.0.29613.14
MinimumVisualStudioVersion = 10.0.40219.1
Project("{FAE04EC0-301F-11D3-BF4B-00C04F79EFBC}") = "Filesdemo", "Filesdemo.csproj", "{BAB5904C-D399-490E-ADAE-41B16A344F2F}"
EndProject
Global
	GlobalSection(SolutionConfigurationPlatforms) = preSolution
		Debug|Any CPU = Debug|Any CPU
		Release|Any CPU = Release|Any CPU
	EndGlobalSection
	GlobalSection(ProjectConfigurationPlatforms) = postSolution
		{BAB5904C-D399-490E-ADAE-41B16A344F2F}.Debug|Any CPU.ActiveCfg = Debug|Any CPU
		{BAB5904C-D399-490E-ADAE-41B16A344F2F}.Debug|Any CPU.Build.0 = Debug|Any CPU
		{BAB5904C-D399-490E-ADAE-41B16A344F2F}.Release|Any CPU.ActiveCfg = Release|Any CPU
		{BAB5904C-D399-490E-ADAE-41B16A344F2F}.Release|Any CPU.Build.0 = Release|Any CPU
	EndGlobalSection
	GlobalSection(SolutionProperties) = preSolution
		HideSolutionNode = FALSE
	EndGlobalSection
	GlobalSection(ExtensibilityGlobals) = postSolution
		SolutionGuid = {2BC71A7F-9690-4391-A10B-A43CB5AA97B6}
	EndGlobalSection
EndGlobal
