
Microsoft Visual Studio Solution File, Format Version 12.00
# Visual Studio Version 16
VisualStudioVersion = 16.0.29613.14
MinimumVisualStudioVersion = 10.0.40219.1
Project("{FAE04EC0-301F-11D3-BF4B-00C04F79EFBC}") = "Authentication", "Authentication.csproj", "{A6701BAA-1617-407A-9E47-E78DB8555381}"
EndProject
Global
	GlobalSection(SolutionConfigurationPlatforms) = preSolution
		Debug|Any CPU = Debug|Any CPU
		Release|Any CPU = Release|Any CPU
	EndGlobalSection
	GlobalSection(ProjectConfigurationPlatforms) = postSolution
		{A6701BAA-1617-407A-9E47-E78DB8555381}.Debug|Any CPU.ActiveCfg = Debug|Any CPU
		{A6701BAA-1617-407A-9E47-E78DB8555381}.Debug|Any CPU.Build.0 = Debug|Any CPU
		{A6701BAA-1617-407A-9E47-E78DB8555381}.Release|Any CPU.ActiveCfg = Release|Any CPU
		{A6701BAA-1617-407A-9E47-E78DB8555381}.Release|Any CPU.Build.0 = Release|Any CPU
	EndGlobalSection
	GlobalSection(SolutionProperties) = preSolution
		HideSolutionNode = FALSE
	EndGlobalSection
	GlobalSection(ExtensibilityGlobals) = postSolution
		SolutionGuid = {E6A7062F-3796-4DD9-A02D-9E44B3FA7E85}
	EndGlobalSection
EndGlobal
