
Microsoft Visual Studio Solution File, Format Version 12.00
# Visual Studio Version 16
VisualStudioVersion = 16.0.29613.14
MinimumVisualStudioVersion = 10.0.40219.1
Project("{FAE04EC0-301F-11D3-BF4B-00C04F79EFBC}") = "Arrayexample", "Arrayexample.csproj", "{D2B92497-F37E-4C3D-815B-6CD21D09BB10}"
EndProject
Global
	GlobalSection(SolutionConfigurationPlatforms) = preSolution
		Debug|Any CPU = Debug|Any CPU
		Release|Any CPU = Release|Any CPU
	EndGlobalSection
	GlobalSection(ProjectConfigurationPlatforms) = postSolution
		{D2B92497-F37E-4C3D-815B-6CD21D09BB10}.Debug|Any CPU.ActiveCfg = Debug|Any CPU
		{D2B92497-F37E-4C3D-815B-6CD21D09BB10}.Debug|Any CPU.Build.0 = Debug|Any CPU
		{D2B92497-F37E-4C3D-815B-6CD21D09BB10}.Release|Any CPU.ActiveCfg = Release|Any CPU
		{D2B92497-F37E-4C3D-815B-6CD21D09BB10}.Release|Any CPU.Build.0 = Release|Any CPU
	EndGlobalSection
	GlobalSection(SolutionProperties) = preSolution
		HideSolutionNode = FALSE
	EndGlobalSection
	GlobalSection(ExtensibilityGlobals) = postSolution
		SolutionGuid = {3651B7E5-26EF-4727-B1EF-ACB015DF3AD2}
	EndGlobalSection
EndGlobal
