
Microsoft Visual Studio Solution File, Format Version 12.00
# Visual Studio Version 16
VisualStudioVersion = 16.0.29613.14
MinimumVisualStudioVersion = 10.0.40219.1
Project("{FAE04EC0-301F-11D3-BF4B-00C04F79EFBC}") = "MultiArray", "MultiArray.csproj", "{D43FF411-A5BA-4297-A6B7-E499D3F6518C}"
EndProject
Global
	GlobalSection(SolutionConfigurationPlatforms) = preSolution
		Debug|Any CPU = Debug|Any CPU
		Release|Any CPU = Release|Any CPU
	EndGlobalSection
	GlobalSection(ProjectConfigurationPlatforms) = postSolution
		{D43FF411-A5BA-4297-A6B7-E499D3F6518C}.Debug|Any CPU.ActiveCfg = Debug|Any CPU
		{D43FF411-A5BA-4297-A6B7-E499D3F6518C}.Debug|Any CPU.Build.0 = Debug|Any CPU
		{D43FF411-A5BA-4297-A6B7-E499D3F6518C}.Release|Any CPU.ActiveCfg = Release|Any CPU
		{D43FF411-A5BA-4297-A6B7-E499D3F6518C}.Release|Any CPU.Build.0 = Release|Any CPU
	EndGlobalSection
	GlobalSection(SolutionProperties) = preSolution
		HideSolutionNode = FALSE
	EndGlobalSection
	GlobalSection(ExtensibilityGlobals) = postSolution
		SolutionGuid = {40C916A5-E70C-46F0-B87A-0283060A687D}
	EndGlobalSection
EndGlobal
