
Microsoft Visual Studio Solution File, Format Version 12.00
# Visual Studio Version 16
VisualStudioVersion = 16.0.29613.14
MinimumVisualStudioVersion = 10.0.40219.1
Project("{FAE04EC0-301F-11D3-BF4B-00C04F79EFBC}") = "Accountsexample", "Accountsexample.csproj", "{6B475689-D744-4A20-B81F-611DD75468EE}"
EndProject
Global
	GlobalSection(SolutionConfigurationPlatforms) = preSolution
		Debug|Any CPU = Debug|Any CPU
		Release|Any CPU = Release|Any CPU
	EndGlobalSection
	GlobalSection(ProjectConfigurationPlatforms) = postSolution
		{6B475689-D744-4A20-B81F-611DD75468EE}.Debug|Any CPU.ActiveCfg = Debug|Any CPU
		{6B475689-D744-4A20-B81F-611DD75468EE}.Debug|Any CPU.Build.0 = Debug|Any CPU
		{6B475689-D744-4A20-B81F-611DD75468EE}.Release|Any CPU.ActiveCfg = Release|Any CPU
		{6B475689-D744-4A20-B81F-611DD75468EE}.Release|Any CPU.Build.0 = Release|Any CPU
	EndGlobalSection
	GlobalSection(SolutionProperties) = preSolution
		HideSolutionNode = FALSE
	EndGlobalSection
	GlobalSection(ExtensibilityGlobals) = postSolution
		SolutionGuid = {4A0586B5-C71F-4143-BDE7-D4079918783B}
	EndGlobalSection
EndGlobal
