
Microsoft Visual Studio Solution File, Format Version 12.00
# Visual Studio Version 16
VisualStudioVersion = 16.0.29613.14
MinimumVisualStudioVersion = 10.0.40219.1
Project("{FAE04EC0-301F-11D3-BF4B-00C04F79EFBC}") = "HandsOnADOExample", "HandsOnADOExample.csproj", "{9C29939D-FA85-405A-9DB4-FF572BDF3EB5}"
EndProject
Global
	GlobalSection(SolutionConfigurationPlatforms) = preSolution
		Debug|Any CPU = Debug|Any CPU
		Release|Any CPU = Release|Any CPU
	EndGlobalSection
	GlobalSection(ProjectConfigurationPlatforms) = postSolution
		{9C29939D-FA85-405A-9DB4-FF572BDF3EB5}.Debug|Any CPU.ActiveCfg = Debug|Any CPU
		{9C29939D-FA85-405A-9DB4-FF572BDF3EB5}.Debug|Any CPU.Build.0 = Debug|Any CPU
		{9C29939D-FA85-405A-9DB4-FF572BDF3EB5}.Release|Any CPU.ActiveCfg = Release|Any CPU
		{9C29939D-FA85-405A-9DB4-FF572BDF3EB5}.Release|Any CPU.Build.0 = Release|Any CPU
	EndGlobalSection
	GlobalSection(SolutionProperties) = preSolution
		HideSolutionNode = FALSE
	EndGlobalSection
	GlobalSection(ExtensibilityGlobals) = postSolution
		SolutionGuid = {A1E53F62-B39F-418C-83B3-9F0C85260B9A}
	EndGlobalSection
EndGlobal
