
Microsoft Visual Studio Solution File, Format Version 12.00
# Visual Studio Version 16
VisualStudioVersion = 16.0.29613.14
MinimumVisualStudioVersion = 10.0.40219.1
Project("{FAE04EC0-301F-11D3-BF4B-00C04F79EFBC}") = "HandsonADO", "HandsonADO.csproj", "{887BD6C5-AA37-4574-869E-B25F91A75640}"
EndProject
Global
	GlobalSection(SolutionConfigurationPlatforms) = preSolution
		Debug|Any CPU = Debug|Any CPU
		Release|Any CPU = Release|Any CPU
	EndGlobalSection
	GlobalSection(ProjectConfigurationPlatforms) = postSolution
		{887BD6C5-AA37-4574-869E-B25F91A75640}.Debug|Any CPU.ActiveCfg = Debug|Any CPU
		{887BD6C5-AA37-4574-869E-B25F91A75640}.Debug|Any CPU.Build.0 = Debug|Any CPU
		{887BD6C5-AA37-4574-869E-B25F91A75640}.Release|Any CPU.ActiveCfg = Release|Any CPU
		{887BD6C5-AA37-4574-869E-B25F91A75640}.Release|Any CPU.Build.0 = Release|Any CPU
	EndGlobalSection
	GlobalSection(SolutionProperties) = preSolution
		HideSolutionNode = FALSE
	EndGlobalSection
	GlobalSection(ExtensibilityGlobals) = postSolution
		SolutionGuid = {D50CB85E-7D21-4471-B616-4CDB10BF5BA0}
	EndGlobalSection
EndGlobal
