
Microsoft Visual Studio Solution File, Format Version 12.00
# Visual Studio Version 16
VisualStudioVersion = 16.0.29613.14
MinimumVisualStudioVersion = 10.0.40219.1
Project("{FAE04EC0-301F-11D3-BF4B-00C04F79EFBC}") = "Studentoops", "Studentoops.csproj", "{B8CA702A-ACC5-4269-8063-B28100E62F42}"
EndProject
Global
	GlobalSection(SolutionConfigurationPlatforms) = preSolution
		Debug|Any CPU = Debug|Any CPU
		Release|Any CPU = Release|Any CPU
	EndGlobalSection
	GlobalSection(ProjectConfigurationPlatforms) = postSolution
		{B8CA702A-ACC5-4269-8063-B28100E62F42}.Debug|Any CPU.ActiveCfg = Debug|Any CPU
		{B8CA702A-ACC5-4269-8063-B28100E62F42}.Debug|Any CPU.Build.0 = Debug|Any CPU
		{B8CA702A-ACC5-4269-8063-B28100E62F42}.Release|Any CPU.ActiveCfg = Release|Any CPU
		{B8CA702A-ACC5-4269-8063-B28100E62F42}.Release|Any CPU.Build.0 = Release|Any CPU
	EndGlobalSection
	GlobalSection(SolutionProperties) = preSolution
		HideSolutionNode = FALSE
	EndGlobalSection
	GlobalSection(ExtensibilityGlobals) = postSolution
		SolutionGuid = {8B9A4844-8A15-4D97-9F39-F4FC68A67EBF}
	EndGlobalSection
EndGlobal
