
Microsoft Visual Studio Solution File, Format Version 12.00
# Visual Studio Version 16
VisualStudioVersion = 16.0.29613.14
MinimumVisualStudioVersion = 10.0.40219.1
Project("{FAE04EC0-301F-11D3-BF4B-00C04F79EFBC}") = "Bootstrapdemo", "Bootstrapdemo.csproj", "{14665723-1E5B-47BF-BD5C-7244606C4D4F}"
EndProject
Global
	GlobalSection(SolutionConfigurationPlatforms) = preSolution
		Debug|Any CPU = Debug|Any CPU
		Release|Any CPU = Release|Any CPU
	EndGlobalSection
	GlobalSection(ProjectConfigurationPlatforms) = postSolution
		{14665723-1E5B-47BF-BD5C-7244606C4D4F}.Debug|Any CPU.ActiveCfg = Debug|Any CPU
		{14665723-1E5B-47BF-BD5C-7244606C4D4F}.Debug|Any CPU.Build.0 = Debug|Any CPU
		{14665723-1E5B-47BF-BD5C-7244606C4D4F}.Release|Any CPU.ActiveCfg = Release|Any CPU
		{14665723-1E5B-47BF-BD5C-7244606C4D4F}.Release|Any CPU.Build.0 = Release|Any CPU
	EndGlobalSection
	GlobalSection(SolutionProperties) = preSolution
		HideSolutionNode = FALSE
	EndGlobalSection
	GlobalSection(ExtensibilityGlobals) = postSolution
		SolutionGuid = {BAF7865B-EDB5-4B19-9956-7F4684A2A725}
	EndGlobalSection
EndGlobal
