
Microsoft Visual Studio Solution File, Format Version 12.00
# Visual Studio Version 16
VisualStudioVersion = 16.0.29613.14
MinimumVisualStudioVersion = 10.0.40219.1
Project("{FAE04EC0-301F-11D3-BF4B-00C04F79EFBC}") = "Jaggedarray", "Jaggedarray.csproj", "{F391B9C2-2EEB-4E0A-978D-6E58E00D5F7E}"
EndProject
Global
	GlobalSection(SolutionConfigurationPlatforms) = preSolution
		Debug|Any CPU = Debug|Any CPU
		Release|Any CPU = Release|Any CPU
	EndGlobalSection
	GlobalSection(ProjectConfigurationPlatforms) = postSolution
		{F391B9C2-2EEB-4E0A-978D-6E58E00D5F7E}.Debug|Any CPU.ActiveCfg = Debug|Any CPU
		{F391B9C2-2EEB-4E0A-978D-6E58E00D5F7E}.Debug|Any CPU.Build.0 = Debug|Any CPU
		{F391B9C2-2EEB-4E0A-978D-6E58E00D5F7E}.Release|Any CPU.ActiveCfg = Release|Any CPU
		{F391B9C2-2EEB-4E0A-978D-6E58E00D5F7E}.Release|Any CPU.Build.0 = Release|Any CPU
	EndGlobalSection
	GlobalSection(SolutionProperties) = preSolution
		HideSolutionNode = FALSE
	EndGlobalSection
	GlobalSection(ExtensibilityGlobals) = postSolution
		SolutionGuid = {6EFD1759-4AA1-4D74-BDB1-99DFC0F12794}
	EndGlobalSection
EndGlobal
