
Microsoft Visual Studio Solution File, Format Version 12.00
# Visual Studio Version 16
VisualStudioVersion = 16.0.29613.14
MinimumVisualStudioVersion = 10.0.40219.1
Project("{FAE04EC0-301F-11D3-BF4B-00C04F79EFBC}") = "Trainee", "Trainee.csproj", "{ABD2FB84-115B-41DA-A8B4-E78877B3E7E0}"
EndProject
Global
	GlobalSection(SolutionConfigurationPlatforms) = preSolution
		Debug|Any CPU = Debug|Any CPU
		Release|Any CPU = Release|Any CPU
	EndGlobalSection
	GlobalSection(ProjectConfigurationPlatforms) = postSolution
		{ABD2FB84-115B-41DA-A8B4-E78877B3E7E0}.Debug|Any CPU.ActiveCfg = Debug|Any CPU
		{ABD2FB84-115B-41DA-A8B4-E78877B3E7E0}.Debug|Any CPU.Build.0 = Debug|Any CPU
		{ABD2FB84-115B-41DA-A8B4-E78877B3E7E0}.Release|Any CPU.ActiveCfg = Release|Any CPU
		{ABD2FB84-115B-41DA-A8B4-E78877B3E7E0}.Release|Any CPU.Build.0 = Release|Any CPU
	EndGlobalSection
	GlobalSection(SolutionProperties) = preSolution
		HideSolutionNode = FALSE
	EndGlobalSection
	GlobalSection(ExtensibilityGlobals) = postSolution
		SolutionGuid = {440C5E5D-D23A-4F3E-A7D4-D25801F5013F}
	EndGlobalSection
EndGlobal
