
Microsoft Visual Studio Solution File, Format Version 12.00
# Visual Studio Version 16
VisualStudioVersion = 16.0.29613.14
MinimumVisualStudioVersion = 10.0.40219.1
Project("{FAE04EC0-301F-11D3-BF4B-00C04F79EFBC}") = "Cssdemo", "Cssdemo.csproj", "{2FF38964-A854-43DC-AFBE-5CEC89D798DD}"
EndProject
Global
	GlobalSection(SolutionConfigurationPlatforms) = preSolution
		Debug|Any CPU = Debug|Any CPU
		Release|Any CPU = Release|Any CPU
	EndGlobalSection
	GlobalSection(ProjectConfigurationPlatforms) = postSolution
		{2FF38964-A854-43DC-AFBE-5CEC89D798DD}.Debug|Any CPU.ActiveCfg = Debug|Any CPU
		{2FF38964-A854-43DC-AFBE-5CEC89D798DD}.Debug|Any CPU.Build.0 = Debug|Any CPU
		{2FF38964-A854-43DC-AFBE-5CEC89D798DD}.Release|Any CPU.ActiveCfg = Release|Any CPU
		{2FF38964-A854-43DC-AFBE-5CEC89D798DD}.Release|Any CPU.Build.0 = Release|Any CPU
	EndGlobalSection
	GlobalSection(SolutionProperties) = preSolution
		HideSolutionNode = FALSE
	EndGlobalSection
	GlobalSection(ExtensibilityGlobals) = postSolution
		SolutionGuid = {5EAF90F9-AF9F-4627-8F59-FEE26D612DF9}
	EndGlobalSection
EndGlobal
