
Microsoft Visual Studio Solution File, Format Version 12.00
# Visual Studio Version 16
VisualStudioVersion = 16.0.29613.14
MinimumVisualStudioVersion = 10.0.40219.1
Project("{FAE04EC0-301F-11D3-BF4B-00C04F79EFBC}") = "Interfaceexample", "Interfaceexample.csproj", "{E37F1BBA-5D22-4D30-8C6A-071391782413}"
EndProject
Global
	GlobalSection(SolutionConfigurationPlatforms) = preSolution
		Debug|Any CPU = Debug|Any CPU
		Release|Any CPU = Release|Any CPU
	EndGlobalSection
	GlobalSection(ProjectConfigurationPlatforms) = postSolution
		{E37F1BBA-5D22-4D30-8C6A-071391782413}.Debug|Any CPU.ActiveCfg = Debug|Any CPU
		{E37F1BBA-5D22-4D30-8C6A-071391782413}.Debug|Any CPU.Build.0 = Debug|Any CPU
		{E37F1BBA-5D22-4D30-8C6A-071391782413}.Release|Any CPU.ActiveCfg = Release|Any CPU
		{E37F1BBA-5D22-4D30-8C6A-071391782413}.Release|Any CPU.Build.0 = Release|Any CPU
	EndGlobalSection
	GlobalSection(SolutionProperties) = preSolution
		HideSolutionNode = FALSE
	EndGlobalSection
	GlobalSection(ExtensibilityGlobals) = postSolution
		SolutionGuid = {8355230C-211A-4527-B602-509CC71800BD}
	EndGlobalSection
EndGlobal
