
Microsoft Visual Studio Solution File, Format Version 12.00
# Visual Studio Version 16
VisualStudioVersion = 16.0.29613.14
MinimumVisualStudioVersion = 10.0.40219.1
Project("{FAE04EC0-301F-11D3-BF4B-00C04F79EFBC}") = "boots", "boots.csproj", "{E73EC127-5AB0-4152-9B44-EB24E4DC57BB}"
EndProject
Global
	GlobalSection(SolutionConfigurationPlatforms) = preSolution
		Debug|Any CPU = Debug|Any CPU
		Release|Any CPU = Release|Any CPU
	EndGlobalSection
	GlobalSection(ProjectConfigurationPlatforms) = postSolution
		{E73EC127-5AB0-4152-9B44-EB24E4DC57BB}.Debug|Any CPU.ActiveCfg = Debug|Any CPU
		{E73EC127-5AB0-4152-9B44-EB24E4DC57BB}.Debug|Any CPU.Build.0 = Debug|Any CPU
		{E73EC127-5AB0-4152-9B44-EB24E4DC57BB}.Release|Any CPU.ActiveCfg = Release|Any CPU
		{E73EC127-5AB0-4152-9B44-EB24E4DC57BB}.Release|Any CPU.Build.0 = Release|Any CPU
	EndGlobalSection
	GlobalSection(SolutionProperties) = preSolution
		HideSolutionNode = FALSE
	EndGlobalSection
	GlobalSection(ExtensibilityGlobals) = postSolution
		SolutionGuid = {291F6030-3322-41A8-97DA-B5570F02E8FD}
	EndGlobalSection
EndGlobal
