
Microsoft Visual Studio Solution File, Format Version 12.00
# Visual Studio Version 16
VisualStudioVersion = 16.0.29613.14
MinimumVisualStudioVersion = 10.0.40219.1
Project("{FAE04EC0-301F-11D3-BF4B-00C04F79EFBC}") = "Example", "Example.csproj", "{C655B3B7-A7CB-4FAD-942D-31DDA6513751}"
EndProject
Global
	GlobalSection(SolutionConfigurationPlatforms) = preSolution
		Debug|Any CPU = Debug|Any CPU
		Release|Any CPU = Release|Any CPU
	EndGlobalSection
	GlobalSection(ProjectConfigurationPlatforms) = postSolution
		{C655B3B7-A7CB-4FAD-942D-31DDA6513751}.Debug|Any CPU.ActiveCfg = Debug|Any CPU
		{C655B3B7-A7CB-4FAD-942D-31DDA6513751}.Debug|Any CPU.Build.0 = Debug|Any CPU
		{C655B3B7-A7CB-4FAD-942D-31DDA6513751}.Release|Any CPU.ActiveCfg = Release|Any CPU
		{C655B3B7-A7CB-4FAD-942D-31DDA6513751}.Release|Any CPU.Build.0 = Release|Any CPU
	EndGlobalSection
	GlobalSection(SolutionProperties) = preSolution
		HideSolutionNode = FALSE
	EndGlobalSection
	GlobalSection(ExtensibilityGlobals) = postSolution
		SolutionGuid = {967C49BD-24F6-44D3-95B5-962809571F90}
	EndGlobalSection
EndGlobal
