
Microsoft Visual Studio Solution File, Format Version 12.00
# Visual Studio Version 16
VisualStudioVersion = 16.0.29613.14
MinimumVisualStudioVersion = 10.0.40219.1
Project("{FAE04EC0-301F-11D3-BF4B-00C04F79EFBC}") = "Demoindexer", "Demoindexer.csproj", "{396D21F6-6DCF-4DCA-A1DD-F7D2BE82F6A2}"
EndProject
Global
	GlobalSection(SolutionConfigurationPlatforms) = preSolution
		Debug|Any CPU = Debug|Any CPU
		Release|Any CPU = Release|Any CPU
	EndGlobalSection
	GlobalSection(ProjectConfigurationPlatforms) = postSolution
		{396D21F6-6DCF-4DCA-A1DD-F7D2BE82F6A2}.Debug|Any CPU.ActiveCfg = Debug|Any CPU
		{396D21F6-6DCF-4DCA-A1DD-F7D2BE82F6A2}.Debug|Any CPU.Build.0 = Debug|Any CPU
		{396D21F6-6DCF-4DCA-A1DD-F7D2BE82F6A2}.Release|Any CPU.ActiveCfg = Release|Any CPU
		{396D21F6-6DCF-4DCA-A1DD-F7D2BE82F6A2}.Release|Any CPU.Build.0 = Release|Any CPU
	EndGlobalSection
	GlobalSection(SolutionProperties) = preSolution
		HideSolutionNode = FALSE
	EndGlobalSection
	GlobalSection(ExtensibilityGlobals) = postSolution
		SolutionGuid = {BA6C1EA0-6141-4B1A-B481-945DADEE1F86}
	EndGlobalSection
EndGlobal
