
Microsoft Visual Studio Solution File, Format Version 12.00
# Visual Studio Version 16
VisualStudioVersion = 16.0.29613.14
MinimumVisualStudioVersion = 10.0.40219.1
Project("{FAE04EC0-301F-11D3-BF4B-00C04F79EFBC}") = "Oopsexample", "Oopsexample.csproj", "{C29EBA97-2947-462E-9CC5-5E4DDC35CF6C}"
EndProject
Global
	GlobalSection(SolutionConfigurationPlatforms) = preSolution
		Debug|Any CPU = Debug|Any CPU
		Release|Any CPU = Release|Any CPU
	EndGlobalSection
	GlobalSection(ProjectConfigurationPlatforms) = postSolution
		{C29EBA97-2947-462E-9CC5-5E4DDC35CF6C}.Debug|Any CPU.ActiveCfg = Debug|Any CPU
		{C29EBA97-2947-462E-9CC5-5E4DDC35CF6C}.Debug|Any CPU.Build.0 = Debug|Any CPU
		{C29EBA97-2947-462E-9CC5-5E4DDC35CF6C}.Release|Any CPU.ActiveCfg = Release|Any CPU
		{C29EBA97-2947-462E-9CC5-5E4DDC35CF6C}.Release|Any CPU.Build.0 = Release|Any CPU
	EndGlobalSection
	GlobalSection(SolutionProperties) = preSolution
		HideSolutionNode = FALSE
	EndGlobalSection
	GlobalSection(ExtensibilityGlobals) = postSolution
		SolutionGuid = {4D118211-F5B8-4857-9F33-D8AD18A10AE5}
	EndGlobalSection
EndGlobal
