
Microsoft Visual Studio Solution File, Format Version 12.00
# Visual Studio Version 16
VisualStudioVersion = 16.0.29613.14
MinimumVisualStudioVersion = 10.0.40219.1
Project("{FAE04EC0-301F-11D3-BF4B-00C04F79EFBC}") = "datatypes", "datatypes.csproj", "{681F5A61-467C-4D6C-9D3F-903FD8837DD7}"
EndProject
Global
	GlobalSection(SolutionConfigurationPlatforms) = preSolution
		Debug|Any CPU = Debug|Any CPU
		Release|Any CPU = Release|Any CPU
	EndGlobalSection
	GlobalSection(ProjectConfigurationPlatforms) = postSolution
		{681F5A61-467C-4D6C-9D3F-903FD8837DD7}.Debug|Any CPU.ActiveCfg = Debug|Any CPU
		{681F5A61-467C-4D6C-9D3F-903FD8837DD7}.Debug|Any CPU.Build.0 = Debug|Any CPU
		{681F5A61-467C-4D6C-9D3F-903FD8837DD7}.Release|Any CPU.ActiveCfg = Release|Any CPU
		{681F5A61-467C-4D6C-9D3F-903FD8837DD7}.Release|Any CPU.Build.0 = Release|Any CPU
	EndGlobalSection
	GlobalSection(SolutionProperties) = preSolution
		HideSolutionNode = FALSE
	EndGlobalSection
	GlobalSection(ExtensibilityGlobals) = postSolution
		SolutionGuid = {DB9501F8-88C0-4F4A-8BAC-7993A8395B78}
	EndGlobalSection
EndGlobal
